
Microsoft Visual Studio Solution File, Format Version 12.00
# Visual Studio Version 17
VisualStudioVersion = 17.8.34322.80
MinimumVisualStudioVersion = 10.0.40219.1
Project("{FAE04EC0-301F-11D3-BF4B-00C04F79EFBC}") = "Base.App", "Base.App\Base.App.csproj", "{4D5FCF03-0FFC-4DDA-A3AD-D179DEE69BB3}"
EndProject
Project("{FAE04EC0-301F-11D3-BF4B-00C04F79EFBC}") = "Base.Test", "Base.Test\Base.Test.csproj", "{9A00C53C-A005-4DBB-8CF8-25BA006595F9}"
EndProject
Global
	GlobalSection(SolutionConfigurationPlatforms) = preSolution
		Debug|Any CPU = Debug|Any CPU
		Release|Any CPU = Release|Any CPU
	EndGlobalSection
	GlobalSection(ProjectConfigurationPlatforms) = postSolution
		{4D5FCF03-0FFC-4DDA-A3AD-D179DEE69BB3}.Debug|Any CPU.ActiveCfg = Debug|Any CPU
		{4D5FCF03-0FFC-4DDA-A3AD-D179DEE69BB3}.Debug|Any CPU.Build.0 = Debug|Any CPU
		{4D5FCF03-0FFC-4DDA-A3AD-D179DEE69BB3}.Release|Any CPU.ActiveCfg = Release|Any CPU
		{4D5FCF03-0FFC-4DDA-A3AD-D179DEE69BB3}.Release|Any CPU.Build.0 = Release|Any CPU
		{9A00C53C-A005-4DBB-8CF8-25BA006595F9}.Debug|Any CPU.ActiveCfg = Debug|Any CPU
		{9A00C53C-A005-4DBB-8CF8-25BA006595F9}.Debug|Any CPU.Build.0 = Debug|Any CPU
		{9A00C53C-A005-4DBB-8CF8-25BA006595F9}.Release|Any CPU.ActiveCfg = Release|Any CPU
		{9A00C53C-A005-4DBB-8CF8-25BA006595F9}.Release|Any CPU.Build.0 = Release|Any CPU
	EndGlobalSection
	GlobalSection(SolutionProperties) = preSolution
		HideSolutionNode = FALSE
	EndGlobalSection
	GlobalSection(ExtensibilityGlobals) = postSolution
		SolutionGuid = {306BE3CD-2F36-4E05-B386-B20A99B55D1F}
	EndGlobalSection
EndGlobal
